// !$*UTF8*$!
{
	archiveVersion = 1;
	classes = {
	};
	objectVersion = 46;
	objects = {

/* Begin PBXBuildFile section */
		396B2DDA15857F15006D5F49 /* UIKit.framework in Frameworks */ = {isa = PBXBuildFile; fileRef = 396B2DD915857F15006D5F49 /* UIKit.framework */; };
		396B2DDC15857F15006D5F49 /* Foundation.framework in Frameworks */ = {isa = PBXBuildFile; fileRef = 396B2DDB15857F15006D5F49 /* Foundation.framework */; };
		396B2DDE15857F15006D5F49 /* CoreGraphics.framework in Frameworks */ = {isa = PBXBuildFile; fileRef = 396B2DDD15857F15006D5F49 /* CoreGraphics.framework */; };
		396B2DE415857F15006D5F49 /* InfoPlist.strings in Resources */ = {isa = PBXBuildFile; fileRef = 396B2DE215857F15006D5F49 /* InfoPlist.strings */; };
		396B2DE615857F15006D5F49 /* main.m in Sources */ = {isa = PBXBuildFile; fileRef = 396B2DE515857F15006D5F49 /* main.m */; };
		396B2DEA15857F15006D5F49 /* AppDelegate.m in Sources */ = {isa = PBXBuildFile; fileRef = 396B2DE915857F15006D5F49 /* AppDelegate.m */; };
		396B2DED15857F15006D5F49 /* MainStoryboard.storyboard in Resources */ = {isa = PBXBuildFile; fileRef = 396B2DEB15857F15006D5F49 /* MainStoryboard.storyboard */; };
		396B2DF015857F15006D5F49 /* ViewController.m in Sources */ = {isa = PBXBuildFile; fileRef = 396B2DEF15857F15006D5F49 /* ViewController.m */; };
		396B2DFF15858092006D5F49 /* KonamiReceiver.m in Sources */ = {isa = PBXBuildFile; fileRef = 396B2DFE15858092006D5F49 /* KonamiReceiver.m */; };
/* End PBXBuildFile section */

/* Begin PBXFileReference section */
		396B2DD515857F15006D5F49 /* Konami Code.app */ = {isa = PBXFileReference; explicitFileType = wrapper.application; includeInIndex = 0; path = "Konami Code.app"; sourceTree = BUILT_PRODUCTS_DIR; };
		396B2DD915857F15006D5F49 /* UIKit.framework */ = {isa = PBXFileReference; lastKnownFileType = wrapper.framework; name = UIKit.framework; path = System/Library/Frameworks/UIKit.framework; sourceTree = SDKROOT; };
		396B2DDB15857F15006D5F49 /* Foundation.framework */ = {isa = PBXFileReference; lastKnownFileType = wrapper.framework; name = Foundation.framework; path = System/Library/Frameworks/Foundation.framework; sourceTree = SDKROOT; };
		396B2DDD15857F15006D5F49 /* CoreGraphics.framework */ = {isa = PBXFileReference; lastKnownFileType = wrapper.framework; name = CoreGraphics.framework; path = System/Library/Frameworks/CoreGraphics.framework; sourceTree = SDKROOT; };
		396B2DE115857F15006D5F49 /* Konami Code-Info.plist */ = {isa = PBXFileReference; lastKnownFileType = text.plist.xml; path = "Konami Code-Info.plist"; sourceTree = "<group>"; };
		396B2DE315857F15006D5F49 /* en */ = {isa = PBXFileReference; lastKnownFileType = text.plist.strings; name = en; path = en.lproj/InfoPlist.strings; sourceTree = "<group>"; };
		396B2DE515857F15006D5F49 /* main.m */ = {isa = PBXFileReference; lastKnownFileType = sourcecode.c.objc; path = main.m; sourceTree = "<group>"; };
		396B2DE715857F15006D5F49 /* Konami Code-Prefix.pch */ = {isa = PBXFileReference; lastKnownFileType = sourcecode.c.h; path = "Konami Code-Prefix.pch"; sourceTree = "<group>"; };
		396B2DE815857F15006D5F49 /* AppDelegate.h */ = {isa = PBXFileReference; lastKnownFileType = sourcecode.c.h; path = AppDelegate.h; sourceTree = "<group>"; };
		396B2DE915857F15006D5F49 /* AppDelegate.m */ = {isa = PBXFileReference; lastKnownFileType = sourcecode.c.objc; path = AppDelegate.m; sourceTree = "<group>"; };
		396B2DEC15857F15006D5F49 /* en */ = {isa = PBXFileReference; lastKnownFileType = file.storyboard; name = en; path = en.lproj/MainStoryboard.storyboard; sourceTree = "<group>"; };
		396B2DEE15857F15006D5F49 /* ViewController.h */ = {isa = PBXFileReference; lastKnownFileType = sourcecode.c.h; path = ViewController.h; sourceTree = "<group>"; };
		396B2DEF15857F15006D5F49 /* ViewController.m */ = {isa = PBXFileReference; lastKnownFileType = sourcecode.c.objc; path = ViewController.m; sourceTree = "<group>"; };
		396B2DFD15858092006D5F49 /* KonamiReceiver.h */ = {isa = PBXFileReference; fileEncoding = 4; lastKnownFileType = sourcecode.c.h; path = KonamiReceiver.h; sourceTree = "<group>"; };
		396B2DFE15858092006D5F49 /* KonamiReceiver.m */ = {isa = PBXFileReference; fileEncoding = 4; lastKnownFileType = sourcecode.c.objc; path = KonamiReceiver.m; sourceTree = "<group>"; };
/* End PBXFileReference section */

/* Begin PBXFrameworksBuildPhase section */
		396B2DD215857F15006D5F49 /* Frameworks */ = {
			isa = PBXFrameworksBuildPhase;
			buildActionMask = 2147483647;
			files = (
				396B2DDA15857F15006D5F49 /* UIKit.framework in Frameworks */,
				396B2DDC15857F15006D5F49 /* Foundation.framework in Frameworks */,
				396B2DDE15857F15006D5F49 /* CoreGraphics.framework in Frameworks */,
			);
			runOnlyForDeploymentPostprocessing = 0;
		};
/* End PBXFrameworksBuildPhase section */

/* Begin PBXGroup section */
		396B2DCA15857F15006D5F49 = {
			isa = PBXGroup;
			children = (
				396B2DDF15857F15006D5F49 /* Konami Code */,
				396B2DD815857F15006D5F49 /* Frameworks */,
				396B2DD615857F15006D5F49 /* Products */,
			);
			sourceTree = "<group>";
		};
		396B2DD615857F15006D5F49 /* Products */ = {
			isa = PBXGroup;
			children = (
				396B2DD515857F15006D5F49 /* Konami Code.app */,
			);
			name = Products;
			sourceTree = "<group>";
		};
		396B2DD815857F15006D5F49 /* Frameworks */ = {
			isa = PBXGroup;
			children = (
				396B2DD915857F15006D5F49 /* UIKit.framework */,
				396B2DDB15857F15006D5F49 /* Foundation.framework */,
				396B2DDD15857F15006D5F49 /* CoreGraphics.framework */,
			);
			name = Frameworks;
			sourceTree = "<group>";
		};
		396B2DDF15857F15006D5F49 /* Konami Code */ = {
			isa = PBXGroup;
			children = (
				396B2DE815857F15006D5F49 /* AppDelegate.h */,
				396B2DE915857F15006D5F49 /* AppDelegate.m */,
				396B2DFD15858092006D5F49 /* KonamiReceiver.h */,
				396B2DFE15858092006D5F49 /* KonamiReceiver.m */,
				396B2DEB15857F15006D5F49 /* MainStoryboard.storyboard */,
				396B2DEE15857F15006D5F49 /* ViewController.h */,
				396B2DEF15857F15006D5F49 /* ViewController.m */,
				396B2DE015857F15006D5F49 /* Supporting Files */,
			);
			path = "Konami Code";
			sourceTree = "<group>";
		};
		396B2DE015857F15006D5F49 /* Supporting Files */ = {
			isa = PBXGroup;
			children = (
				396B2DE115857F15006D5F49 /* Konami Code-Info.plist */,
				396B2DE215857F15006D5F49 /* InfoPlist.strings */,
				396B2DE515857F15006D5F49 /* main.m */,
				396B2DE715857F15006D5F49 /* Konami Code-Prefix.pch */,
			);
			name = "Supporting Files";
			sourceTree = "<group>";
		};
/* End PBXGroup section */

/* Begin PBXNativeTarget section */
		396B2DD415857F15006D5F49 /* Konami Code */ = {
			isa = PBXNativeTarget;
			buildConfigurationList = 396B2DF315857F15006D5F49 /* Build configuration list for PBXNativeTarget "Konami Code" */;
			buildPhases = (
				396B2DD115857F15006D5F49 /* Sources */,
				396B2DD215857F15006D5F49 /* Frameworks */,
				396B2DD315857F15006D5F49 /* Resources */,
			);
			buildRules = (
			);
			dependencies = (
			);
			name = "Konami Code";
			productName = "Konami Code";
			productReference = 396B2DD515857F15006D5F49 /* Konami Code.app */;
			productType = "com.apple.product-type.application";
		};
/* End PBXNativeTarget section */

/* Begin PBXProject section */
		396B2DCC15857F15006D5F49 /* Project object */ = {
			isa = PBXProject;
			attributes = {
				LastUpgradeCheck = 0430;
				ORGANIZATIONNAME = App2O;
			};
			buildConfigurationList = 396B2DCF15857F15006D5F49 /* Build configuration list for PBXProject "Konami Code" */;
			compatibilityVersion = "Xcode 3.2";
			developmentRegion = English;
			hasScannedForEncodings = 0;
			knownRegions = (
				en,
			);
			mainGroup = 396B2DCA15857F15006D5F49;
			productRefGroup = 396B2DD615857F15006D5F49 /* Products */;
			projectDirPath = "";
			projectRoot = "";
			targets = (
				396B2DD415857F15006D5F49 /* Konami Code */,
			);
		};
/* End PBXProject section */

/* Begin PBXResourcesBuildPhase section */
		396B2DD315857F15006D5F49 /* Resources */ = {
			isa = PBXResourcesBuildPhase;
			buildActionMask = 2147483647;
			files = (
				396B2DE415857F15006D5F49 /* InfoPlist.strings in Resources */,
				396B2DED15857F15006D5F49 /* MainStoryboard.storyboard in Resources */,
			);
			runOnlyForDeploymentPostprocessing = 0;
		};
/* End PBXResourcesBuildPhase section */

/* Begin PBXSourcesBuildPhase section */
		396B2DD115857F15006D5F49 /* Sources */ = {
			isa = PBXSourcesBuildPhase;
			buildActionMask = 2147483647;
			files = (
				396B2DE615857F15006D5F49 /* main.m in Sources */,
				396B2DEA15857F15006D5F49 /* AppDelegate.m in Sources */,
				396B2DF015857F15006D5F49 /* ViewController.m in Sources */,
				396B2DFF15858092006D5F49 /* KonamiReceiver.m in Sources */,
			);
			runOnlyForDeploymentPostprocessing = 0;
		};
/* End PBXSourcesBuildPhase section */

/* Begin PBXVariantGroup section */
		396B2DE215857F15006D5F49 /* InfoPlist.strings */ = {
			isa = PBXVariantGroup;
			children = (
				396B2DE315857F15006D5F49 /* en */,
			);
			name = InfoPlist.strings;
			sourceTree = "<group>";
		};
		396B2DEB15857F15006D5F49 /* MainStoryboard.storyboard */ = {
			isa = PBXVariantGroup;
			children = (
				396B2DEC15857F15006D5F49 /* en */,
			);
			name = MainStoryboard.storyboard;
			sourceTree = "<group>";
		};
/* End PBXVariantGroup section */

/* Begin XCBuildConfiguration section */
		396B2DF115857F15006D5F49 /* Debug */ = {
			isa = XCBuildConfiguration;
			buildSettings = {
				ALWAYS_SEARCH_USER_PATHS = NO;
				ARCHS = "$(ARCHS_STANDARD_32_BIT)";
				"CODE_SIGN_IDENTITY[sdk=iphoneos*]" = "iPhone Developer";
				COPY_PHASE_STRIP = NO;
				GCC_C_LANGUAGE_STANDARD = gnu99;
				GCC_DYNAMIC_NO_PIC = NO;
				GCC_OPTIMIZATION_LEVEL = 0;
				GCC_PREPROCESSOR_DEFINITIONS = (
					"DEBUG=1",
					"$(inherited)",
				);
				GCC_SYMBOLS_PRIVATE_EXTERN = NO;
				GCC_VERSION = com.apple.compilers.llvm.clang.1_0;
				GCC_WARN_ABOUT_RETURN_TYPE = YES;
				GCC_WARN_UNINITIALIZED_AUTOS = YES;
				GCC_WARN_UNUSED_VARIABLE = YES;
				IPHONEOS_DEPLOYMENT_TARGET = 5.1;
				SDKROOT = iphoneos;
			};
			name = Debug;
		};
		396B2DF215857F15006D5F49 /* Release */ = {
			isa = XCBuildConfiguration;
			buildSettings = {
				ALWAYS_SEARCH_USER_PATHS = NO;
				ARCHS = "$(ARCHS_STANDARD_32_BIT)";
				"CODE_SIGN_IDENTITY[sdk=iphoneos*]" = "iPhone Developer";
				COPY_PHASE_STRIP = YES;
				GCC_C_LANGUAGE_STANDARD = gnu99;
				GCC_VERSION = com.apple.compilers.llvm.clang.1_0;
				GCC_WARN_ABOUT_RETURN_TYPE = YES;
				GCC_WARN_UNINITIALIZED_AUTOS = YES;
				GCC_WARN_UNUSED_VARIABLE = YES;
				IPHONEOS_DEPLOYMENT_TARGET = 5.1;
				OTHER_CFLAGS = "-DNS_BLOCK_ASSERTIONS=1";
				SDKROOT = iphoneos;
				VALIDATE_PRODUCT = YES;
			};
			name = Release;
		};
		396B2DF415857F15006D5F49 /* Debug */ = {
			isa = XCBuildConfiguration;
			buildSettings = {
				GCC_PRECOMPILE_PREFIX_HEADER = YES;
				GCC_PREFIX_HEADER = "Konami Code/Konami Code-Prefix.pch";
				INFOPLIST_FILE = "Konami Code/Konami Code-Info.plist";
				PRODUCT_NAME = "$(TARGET_NAME)";
				WRAPPER_EXTENSION = app;
			};
			name = Debug;
		};
		396B2DF515857F15006D5F49 /* Release */ = {
			isa = XCBuildConfiguration;
			buildSettings = {
				GCC_PRECOMPILE_PREFIX_HEADER = YES;
				GCC_PREFIX_HEADER = "Konami Code/Konami Code-Prefix.pch";
				INFOPLIST_FILE = "Konami Code/Konami Code-Info.plist";
				PRODUCT_NAME = "$(TARGET_NAME)";
				WRAPPER_EXTENSION = app;
			};
			name = Release;
		};
/* End XCBuildConfiguration section */

/* Begin XCConfigurationList section */
		396B2DCF15857F15006D5F49 /* Build configuration list for PBXProject "Konami Code" */ = {
			isa = XCConfigurationList;
			buildConfigurations = (
				396B2DF115857F15006D5F49 /* Debug */,
				396B2DF215857F15006D5F49 /* Release */,
			);
			defaultConfigurationIsVisible = 0;
			defaultConfigurationName = Release;
		};
		396B2DF315857F15006D5F49 /* Build configuration list for PBXNativeTarget "Konami Code" */ = {
			isa = XCConfigurationList;
			buildConfigurations = (
				396B2DF415857F15006D5F49 /* Debug */,
				396B2DF515857F15006D5F49 /* Release */,
			);
			defaultConfigurationIsVisible = 0;
			defaultConfigurationName = Release;
		};
/* End XCConfigurationList section */
	};
	rootObject = 396B2DCC15857F15006D5F49 /* Project object */;
}
